
Microsoft Visual Studio Solution File, Format Version 12.00
# Visual Studio Version 16
VisualStudioVersion = 16.0.29806.167
MinimumVisualStudioVersion = 10.0.40219.1
Project("{9A19103F-16F7-4668-BE54-9A1E7A4F7556}") = "BETTERINVEST.UI", "BETTERINVEST.UI\BETTERINVEST.UI.csproj", "{18B78460-823B-431E-9E31-9B54E8F081DE}"
EndProject
Project("{9A19103F-16F7-4668-BE54-9A1E7A4F7556}") = "BETTERINVEST.COMPONENTLIBRARY", "BETTERINVEST.COMPONENTLIBRARY\BETTERINVEST.COMPONENTLIBRARY.csproj", "{0A9035BA-CD22-4CB5-AEAA-B9ABF6439B72}"
EndProject
Project("{9A19103F-16F7-4668-BE54-9A1E7A4F7556}") = "BETTERINVEST.DATA", "BETTERINVEST.DATA\BETTERINVEST.DATA.csproj", "{83275B3C-3BED-444A-ABEE-23F2C28D4197}"
EndProject
Project("{9A19103F-16F7-4668-BE54-9A1E7A4F7556}") = "BETTERINVEST.SHARED", "BETTERINVEST.SHARED\BETTERINVEST.SHARED.csproj", "{ABC4BBAE-CECE-40C9-898F-05CDDC1AC75F}"
EndProject
Project("{9A19103F-16F7-4668-BE54-9A1E7A4F7556}") = "BETTERINVEST.API", "BETTERINVEST.API\BETTERINVEST.API.csproj", "{7C37CEF3-0285-4416-BF50-83482A8B9BFE}"
EndProject
Global
	GlobalSection(SolutionConfigurationPlatforms) = preSolution
		Debug|Any CPU = Debug|Any CPU
		Release|Any CPU = Release|Any CPU
	EndGlobalSection
	GlobalSection(ProjectConfigurationPlatforms) = postSolution
		{18B78460-823B-431E-9E31-9B54E8F081DE}.Debug|Any CPU.ActiveCfg = Debug|Any CPU
		{18B78460-823B-431E-9E31-9B54E8F081DE}.Debug|Any CPU.Build.0 = Debug|Any CPU
		{18B78460-823B-431E-9E31-9B54E8F081DE}.Release|Any CPU.ActiveCfg = Release|Any CPU
		{18B78460-823B-431E-9E31-9B54E8F081DE}.Release|Any CPU.Build.0 = Release|Any CPU
		{0A9035BA-CD22-4CB5-AEAA-B9ABF6439B72}.Debug|Any CPU.ActiveCfg = Debug|Any CPU
		{0A9035BA-CD22-4CB5-AEAA-B9ABF6439B72}.Debug|Any CPU.Build.0 = Debug|Any CPU
		{0A9035BA-CD22-4CB5-AEAA-B9ABF6439B72}.Release|Any CPU.ActiveCfg = Release|Any CPU
		{0A9035BA-CD22-4CB5-AEAA-B9ABF6439B72}.Release|Any CPU.Build.0 = Release|Any CPU
		{83275B3C-3BED-444A-ABEE-23F2C28D4197}.Debug|Any CPU.ActiveCfg = Debug|Any CPU
		{83275B3C-3BED-444A-ABEE-23F2C28D4197}.Debug|Any CPU.Build.0 = Debug|Any CPU
		{83275B3C-3BED-444A-ABEE-23F2C28D4197}.Release|Any CPU.ActiveCfg = Release|Any CPU
		{83275B3C-3BED-444A-ABEE-23F2C28D4197}.Release|Any CPU.Build.0 = Release|Any CPU
		{ABC4BBAE-CECE-40C9-898F-05CDDC1AC75F}.Debug|Any CPU.ActiveCfg = Debug|Any CPU
		{ABC4BBAE-CECE-40C9-898F-05CDDC1AC75F}.Debug|Any CPU.Build.0 = Debug|Any CPU
		{ABC4BBAE-CECE-40C9-898F-05CDDC1AC75F}.Release|Any CPU.ActiveCfg = Release|Any CPU
		{ABC4BBAE-CECE-40C9-898F-05CDDC1AC75F}.Release|Any CPU.Build.0 = Release|Any CPU
		{7C37CEF3-0285-4416-BF50-83482A8B9BFE}.Debug|Any CPU.ActiveCfg = Debug|Any CPU
		{7C37CEF3-0285-4416-BF50-83482A8B9BFE}.Debug|Any CPU.Build.0 = Debug|Any CPU
		{7C37CEF3-0285-4416-BF50-83482A8B9BFE}.Release|Any CPU.ActiveCfg = Release|Any CPU
		{7C37CEF3-0285-4416-BF50-83482A8B9BFE}.Release|Any CPU.Build.0 = Release|Any CPU
	EndGlobalSection
	GlobalSection(SolutionProperties) = preSolution
		HideSolutionNode = FALSE
	EndGlobalSection
	GlobalSection(ExtensibilityGlobals) = postSolution
		SolutionGuid = {2FE8A835-375D-449A-9812-FE7C54A7924E}
	EndGlobalSection
EndGlobal
